// !$*UTF8*$!
{
	archiveVersion = 1;
	classes = {
	};
	objectVersion = 50;
	objects = {

/* Begin PBXBuildFile section */
		6B4AC5D723D3EDD0003FDC4C /* AppDelegate.swift in Sources */ = {isa = PBXBuildFile; fileRef = 6B4AC5D623D3EDD0003FDC4C /* AppDelegate.swift */; };
		6B4AC5D923D3EDD0003FDC4C /* SceneDelegate.swift in Sources */ = {isa = PBXBuildFile; fileRef = 6B4AC5D823D3EDD0003FDC4C /* SceneDelegate.swift */; };
		6B4AC5DB23D3EDD0003FDC4C /* ViewController.swift in Sources */ = {isa = PBXBuildFile; fileRef = 6B4AC5DA23D3EDD0003FDC4C /* ViewController.swift */; };
		6B4AC5DE23D3EDD0003FDC4C /* Main.storyboard in Resources */ = {isa = PBXBuildFile; fileRef = 6B4AC5DC23D3EDD0003FDC4C /* Main.storyboard */; };
		6B4AC5E023D3EDD3003FDC4C /* Assets.xcassets in Resources */ = {isa = PBXBuildFile; fileRef = 6B4AC5DF23D3EDD3003FDC4C /* Assets.xcassets */; };
		6B4AC5E323D3EDD3003FDC4C /* LaunchScreen.storyboard in Resources */ = {isa = PBXBuildFile; fileRef = 6B4AC5E123D3EDD3003FDC4C /* LaunchScreen.storyboard */; };
/* End PBXBuildFile section */

/* Begin PBXFileReference section */
		6B4AC5D323D3EDD0003FDC4C /* Collection-View-Lab.app */ = {isa = PBXFileReference; explicitFileType = wrapper.application; includeInIndex = 0; path = "Collection-View-Lab.app"; sourceTree = BUILT_PRODUCTS_DIR; };
		6B4AC5D623D3EDD0003FDC4C /* AppDelegate.swift */ = {isa = PBXFileReference; lastKnownFileType = sourcecode.swift; path = AppDelegate.swift; sourceTree = "<group>"; };
		6B4AC5D823D3EDD0003FDC4C /* SceneDelegate.swift */ = {isa = PBXFileReference; lastKnownFileType = sourcecode.swift; path = SceneDelegate.swift; sourceTree = "<group>"; };
		6B4AC5DA23D3EDD0003FDC4C /* ViewController.swift */ = {isa = PBXFileReference; lastKnownFileType = sourcecode.swift; path = ViewController.swift; sourceTree = "<group>"; };
		6B4AC5DD23D3EDD0003FDC4C /* Base */ = {isa = PBXFileReference; lastKnownFileType = file.storyboard; name = Base; path = Base.lproj/Main.storyboard; sourceTree = "<group>"; };
		6B4AC5DF23D3EDD3003FDC4C /* Assets.xcassets */ = {isa = PBXFileReference; lastKnownFileType = folder.assetcatalog; path = Assets.xcassets; sourceTree = "<group>"; };
		6B4AC5E223D3EDD3003FDC4C /* Base */ = {isa = PBXFileReference; lastKnownFileType = file.storyboard; name = Base; path = Base.lproj/LaunchScreen.storyboard; sourceTree = "<group>"; };
		6B4AC5E423D3EDD3003FDC4C /* Info.plist */ = {isa = PBXFileReference; lastKnownFileType = text.plist.xml; path = Info.plist; sourceTree = "<group>"; };
/* End PBXFileReference section */

/* Begin PBXFrameworksBuildPhase section */
		6B4AC5D023D3EDD0003FDC4C /* Frameworks */ = {
			isa = PBXFrameworksBuildPhase;
			buildActionMask = 2147483647;
			files = (
			);
			runOnlyForDeploymentPostprocessing = 0;
		};
/* End PBXFrameworksBuildPhase section */

/* Begin PBXGroup section */
		6B4AC5CA23D3EDD0003FDC4C = {
			isa = PBXGroup;
			children = (
				6B4AC5D523D3EDD0003FDC4C /* Collection-View-Lab */,
				6B4AC5D423D3EDD0003FDC4C /* Products */,
			);
			sourceTree = "<group>";
		};
		6B4AC5D423D3EDD0003FDC4C /* Products */ = {
			isa = PBXGroup;
			children = (
				6B4AC5D323D3EDD0003FDC4C /* Collection-View-Lab.app */,
			);
			name = Products;
			sourceTree = "<group>";
		};
		6B4AC5D523D3EDD0003FDC4C /* Collection-View-Lab */ = {
			isa = PBXGroup;
			children = (
				6B4AC5D623D3EDD0003FDC4C /* AppDelegate.swift */,
				6B4AC5D823D3EDD0003FDC4C /* SceneDelegate.swift */,
				6B4AC5DA23D3EDD0003FDC4C /* ViewController.swift */,
				6B4AC5DC23D3EDD0003FDC4C /* Main.storyboard */,
				6B4AC5DF23D3EDD3003FDC4C /* Assets.xcassets */,
				6B4AC5E123D3EDD3003FDC4C /* LaunchScreen.storyboard */,
				6B4AC5E423D3EDD3003FDC4C /* Info.plist */,
			);
			path = "Collection-View-Lab";
			sourceTree = "<group>";
		};
/* End PBXGroup section */

/* Begin PBXNativeTarget section */
		6B4AC5D223D3EDD0003FDC4C /* Collection-View-Lab */ = {
			isa = PBXNativeTarget;
			buildConfigurationList = 6B4AC5E723D3EDD3003FDC4C /* Build configuration list for PBXNativeTarget "Collection-View-Lab" */;
			buildPhases = (
				6B4AC5CF23D3EDD0003FDC4C /* Sources */,
				6B4AC5D023D3EDD0003FDC4C /* Frameworks */,
				6B4AC5D123D3EDD0003FDC4C /* Resources */,
			);
			buildRules = (
			);
			dependencies = (
			);
			name = "Collection-View-Lab";
			productName = "Collection-View-Lab";
			productReference = 6B4AC5D323D3EDD0003FDC4C /* Collection-View-Lab.app */;
			productType = "com.apple.product-type.application";
		};
/* End PBXNativeTarget section */

/* Begin PBXProject section */
		6B4AC5CB23D3EDD0003FDC4C /* Project object */ = {
			isa = PBXProject;
			attributes = {
				LastSwiftUpdateCheck = 1120;
				LastUpgradeCheck = 1120;
				ORGANIZATIONNAME = "Chelsi Christmas";
				TargetAttributes = {
					6B4AC5D223D3EDD0003FDC4C = {
						CreatedOnToolsVersion = 11.2;
					};
				};
			};
			buildConfigurationList = 6B4AC5CE23D3EDD0003FDC4C /* Build configuration list for PBXProject "Collection-View-Lab" */;
			compatibilityVersion = "Xcode 9.3";
			developmentRegion = en;
			hasScannedForEncodings = 0;
			knownRegions = (
				en,
				Base,
			);
			mainGroup = 6B4AC5CA23D3EDD0003FDC4C;
			productRefGroup = 6B4AC5D423D3EDD0003FDC4C /* Products */;
			projectDirPath = "";
			projectRoot = "";
			targets = (
				6B4AC5D223D3EDD0003FDC4C /* Collection-View-Lab */,
			);
		};
/* End PBXProject section */

/* Begin PBXResourcesBuildPhase section */
		6B4AC5D123D3EDD0003FDC4C /* Resources */ = {
			isa = PBXResourcesBuildPhase;
			buildActionMask = 2147483647;
			files = (
				6B4AC5E323D3EDD3003FDC4C /* LaunchScreen.storyboard in Resources */,
				6B4AC5E023D3EDD3003FDC4C /* Assets.xcassets in Resources */,
				6B4AC5DE23D3EDD0003FDC4C /* Main.storyboard in Resources */,
			);
			runOnlyForDeploymentPostprocessing = 0;
		};
/* End PBXResourcesBuildPhase section */

/* Begin PBXSourcesBuildPhase section */
		6B4AC5CF23D3EDD0003FDC4C /* Sources */ = {
			isa = PBXSourcesBuildPhase;
			buildActionMask = 2147483647;
			files = (
				6B4AC5DB23D3EDD0003FDC4C /* ViewController.swift in Sources */,
				6B4AC5D723D3EDD0003FDC4C /* AppDelegate.swift in Sources */,
				6B4AC5D923D3EDD0003FDC4C /* SceneDelegate.swift in Sources */,
			);
			runOnlyForDeploymentPostprocessing = 0;
		};
/* End PBXSourcesBuildPhase section */

/* Begin PBXVariantGroup section */
		6B4AC5DC23D3EDD0003FDC4C /* Main.storyboard */ = {
			isa = PBXVariantGroup;
			children = (
				6B4AC5DD23D3EDD0003FDC4C /* Base */,
			);
			name = Main.storyboard;
			sourceTree = "<group>";
		};
		6B4AC5E123D3EDD3003FDC4C /* LaunchScreen.storyboard */ = {
			isa = PBXVariantGroup;
			children = (
				6B4AC5E223D3EDD3003FDC4C /* Base */,
			);
			name = LaunchScreen.storyboard;
			sourceTree = "<group>";
		};
/* End PBXVariantGroup section */

/* Begin XCBuildConfiguration section */
		6B4AC5E523D3EDD3003FDC4C /* Debug */ = {
			isa = XCBuildConfiguration;
			buildSettings = {
				ALWAYS_SEARCH_USER_PATHS = NO;
				CLANG_ANALYZER_NONNULL = YES;
				CLANG_ANALYZER_NUMBER_OBJECT_CONVERSION = YES_AGGRESSIVE;
				CLANG_CXX_LANGUAGE_STANDARD = "gnu++14";
				CLANG_CXX_LIBRARY = "libc++";
				CLANG_ENABLE_MODULES = YES;
				CLANG_ENABLE_OBJC_ARC = YES;
				CLANG_ENABLE_OBJC_WEAK = YES;
				CLANG_WARN_BLOCK_CAPTURE_AUTORELEASING = YES;
				CLANG_WARN_BOOL_CONVERSION = YES;
				CLANG_WARN_COMMA = YES;
				CLANG_WARN_CONSTANT_CONVERSION = YES;
				CLANG_WARN_DEPRECATED_OBJC_IMPLEMENTATIONS = YES;
				CLANG_WARN_DIRECT_OBJC_ISA_USAGE = YES_ERROR;
				CLANG_WARN_DOCUMENTATION_COMMENTS = YES;
				CLANG_WARN_EMPTY_BODY = YES;
				CLANG_WARN_ENUM_CONVERSION = YES;
				CLANG_WARN_INFINITE_RECURSION = YES;
				CLANG_WARN_INT_CONVERSION = YES;
				CLANG_WARN_NON_LITERAL_NULL_CONVERSION = YES;
				CLANG_WARN_OBJC_IMPLICIT_RETAIN_SELF = YES;
				CLANG_WARN_OBJC_LITERAL_CONVERSION = YES;
				CLANG_WARN_OBJC_ROOT_CLASS = YES_ERROR;
				CLANG_WARN_RANGE_LOOP_ANALYSIS = YES;
				CLANG_WARN_STRICT_PROTOTYPES = YES;
				CLANG_WARN_SUSPICIOUS_MOVE = YES;
				CLANG_WARN_UNGUARDED_AVAILABILITY = YES_AGGRESSIVE;
				CLANG_WARN_UNREACHABLE_CODE = YES;
				CLANG_WARN__DUPLICATE_METHOD_MATCH = YES;
				COPY_PHASE_STRIP = NO;
				DEBUG_INFORMATION_FORMAT = dwarf;
				ENABLE_STRICT_OBJC_MSGSEND = YES;
				ENABLE_TESTABILITY = YES;
				GCC_C_LANGUAGE_STANDARD = gnu11;
				GCC_DYNAMIC_NO_PIC = NO;
				GCC_NO_COMMON_BLOCKS = YES;
				GCC_OPTIMIZATION_LEVEL = 0;
				GCC_PREPROCESSOR_DEFINITIONS = (
					"DEBUG=1",
					"$(inherited)",
				);
				GCC_WARN_64_TO_32_BIT_CONVERSION = YES;
				GCC_WARN_ABOUT_RETURN_TYPE = YES_ERROR;
				GCC_WARN_UNDECLARED_SELECTOR = YES;
				GCC_WARN_UNINITIALIZED_AUTOS = YES_AGGRESSIVE;
				GCC_WARN_UNUSED_FUNCTION = YES;
				GCC_WARN_UNUSED_VARIABLE = YES;
				IPHONEOS_DEPLOYMENT_TARGET = 13.2;
				MTL_ENABLE_DEBUG_INFO = INCLUDE_SOURCE;
				MTL_FAST_MATH = YES;
				ONLY_ACTIVE_ARCH = YES;
				SDKROOT = iphoneos;
				SWIFT_ACTIVE_COMPILATION_CONDITIONS = DEBUG;
				SWIFT_OPTIMIZATION_LEVEL = "-Onone";
			};
			name = Debug;
		};
		6B4AC5E623D3EDD3003FDC4C /* Release */ = {
			isa = XCBuildConfiguration;
			buildSettings = {
				ALWAYS_SEARCH_USER_PATHS = NO;
				CLANG_ANALYZER_NONNULL = YES;
				CLANG_ANALYZER_NUMBER_OBJECT_CONVERSION = YES_AGGRESSIVE;
				CLANG_CXX_LANGUAGE_STANDARD = "gnu++14";
				CLANG_CXX_LIBRARY = "libc++";
				CLANG_ENABLE_MODULES = YES;
				CLANG_ENABLE_OBJC_ARC = YES;
				CLANG_ENABLE_OBJC_WEAK = YES;
				CLANG_WARN_BLOCK_CAPTURE_AUTORELEASING = YES;
				CLANG_WARN_BOOL_CONVERSION = YES;
				CLANG_WARN_COMMA = YES;
				CLANG_WARN_CONSTANT_CONVERSION = YES;
				CLANG_WARN_DEPRECATED_OBJC_IMPLEMENTATIONS = YES;
				CLANG_WARN_DIRECT_OBJC_ISA_USAGE = YES_ERROR;
				CLANG_WARN_DOCUMENTATION_COMMENTS = YES;
				CLANG_WARN_EMPTY_BODY = YES;
				CLANG_WARN_ENUM_CONVERSION = YES;
				CLANG_WARN_INFINITE_RECURSION = YES;
				CLANG_WARN_INT_CONVERSION = YES;
				CLANG_WARN_NON_LITERAL_NULL_CONVERSION = YES;
				CLANG_WARN_OBJC_IMPLICIT_RETAIN_SELF = YES;
				CLANG_WARN_OBJC_LITERAL_CONVERSION = YES;
				CLANG_WARN_OBJC_ROOT_CLASS = YES_ERROR;
				CLANG_WARN_RANGE_LOOP_ANALYSIS = YES;
				CLANG_WARN_STRICT_PROTOTYPES = YES;
				CLANG_WARN_SUSPICIOUS_MOVE = YES;
				CLANG_WARN_UNGUARDED_AVAILABILITY = YES_AGGRESSIVE;
				CLANG_WARN_UNREACHABLE_CODE = YES;
				CLANG_WARN__DUPLICATE_METHOD_MATCH = YES;
				COPY_PHASE_STRIP = NO;
				DEBUG_INFORMATION_FORMAT = "dwarf-with-dsym";
				ENABLE_NS_ASSERTIONS = NO;
				ENABLE_STRICT_OBJC_MSGSEND = YES;
				GCC_C_LANGUAGE_STANDARD = gnu11;
				GCC_NO_COMMON_BLOCKS = YES;
				GCC_WARN_64_TO_32_BIT_CONVERSION = YES;
				GCC_WARN_ABOUT_RETURN_TYPE = YES_ERROR;
				GCC_WARN_UNDECLARED_SELECTOR = YES;
				GCC_WARN_UNINITIALIZED_AUTOS = YES_AGGRESSIVE;
				GCC_WARN_UNUSED_FUNCTION = YES;
				GCC_WARN_UNUSED_VARIABLE = YES;
				IPHONEOS_DEPLOYMENT_TARGET = 13.2;
				MTL_ENABLE_DEBUG_INFO = NO;
				MTL_FAST_MATH = YES;
				SDKROOT = iphoneos;
				SWIFT_COMPILATION_MODE = wholemodule;
				SWIFT_OPTIMIZATION_LEVEL = "-O";
				VALIDATE_PRODUCT = YES;
			};
			name = Release;
		};
		6B4AC5E823D3EDD3003FDC4C /* Debug */ = {
			isa = XCBuildConfiguration;
			buildSettings = {
				ASSETCATALOG_COMPILER_APPICON_NAME = AppIcon;
				CODE_SIGN_STYLE = Automatic;
				DEVELOPMENT_TEAM = YC2567VA38;
				INFOPLIST_FILE = "Collection-View-Lab/Info.plist";
				LD_RUNPATH_SEARCH_PATHS = (
					"$(inherited)",
					"@executable_path/Frameworks",
				);
				PRODUCT_BUNDLE_IDENTIFIER = "com.ChelsiChristmas.Collection-View-Lab";
				PRODUCT_NAME = "$(TARGET_NAME)";
				SWIFT_VERSION = 5.0;
				TARGETED_DEVICE_FAMILY = "1,2";
			};
			name = Debug;
		};
		6B4AC5E923D3EDD3003FDC4C /* Release */ = {
			isa = XCBuildConfiguration;
			buildSettings = {
				ASSETCATALOG_COMPILER_APPICON_NAME = AppIcon;
				CODE_SIGN_STYLE = Automatic;
				DEVELOPMENT_TEAM = YC2567VA38;
				INFOPLIST_FILE = "Collection-View-Lab/Info.plist";
				LD_RUNPATH_SEARCH_PATHS = (
					"$(inherited)",
					"@executable_path/Frameworks",
				);
				PRODUCT_BUNDLE_IDENTIFIER = "com.ChelsiChristmas.Collection-View-Lab";
				PRODUCT_NAME = "$(TARGET_NAME)";
				SWIFT_VERSION = 5.0;
				TARGETED_DEVICE_FAMILY = "1,2";
			};
			name = Release;
		};
/* End XCBuildConfiguration section */

/* Begin XCConfigurationList section */
		6B4AC5CE23D3EDD0003FDC4C /* Build configuration list for PBXProject "Collection-View-Lab" */ = {
			isa = XCConfigurationList;
			buildConfigurations = (
				6B4AC5E523D3EDD3003FDC4C /* Debug */,
				6B4AC5E623D3EDD3003FDC4C /* Release */,
			);
			defaultConfigurationIsVisible = 0;
			defaultConfigurationName = Release;
		};
		6B4AC5E723D3EDD3003FDC4C /* Build configuration list for PBXNativeTarget "Collection-View-Lab" */ = {
			isa = XCConfigurationList;
			buildConfigurations = (
				6B4AC5E823D3EDD3003FDC4C /* Debug */,
				6B4AC5E923D3EDD3003FDC4C /* Release */,
			);
			defaultConfigurationIsVisible = 0;
			defaultConfigurationName = Release;
		};
/* End XCConfigurationList section */
	};
	rootObject = 6B4AC5CB23D3EDD0003FDC4C /* Project object */;
}
